{
  "name": "thread_pool",
  "version": "1.0.1",
  "lockfileVersion": 2,
  "requires": true,
  "packages": {
    "": {
      "name": "thread_pool",
      "version": "1.0.1",
      "license": "ISC",
      "dependencies": {
        "node-oop-worker-pool": "^1.0.30"
      },
      "devDependencies": {
        "@types/node": "^17.0.21"
      }
    },
    "node_modules/@types/node": {
      "version": "17.0.21",
      "resolved": "https://registry.npmjs.org/@types/node/-/node-17.0.21.tgz",
      "integrity": "sha512-DBZCJbhII3r90XbQxI8Y9IjjiiOGlZ0Hr32omXIZvwwZ7p4DMMXGrKXVyPfuoBOri9XNtL0UK69jYIBIsRX3QQ==",
      "dev": true
    },
    "node_modules/node-oop-worker-pool": {
      "version": "1.0.30",
      "resolved": "https://registry.npmjs.org/node-oop-worker-pool/-/node-oop-worker-pool-1.0.30.tgz",
      "integrity": "sha512-YeLlKwUjPsQ6IXpp70qhAMzREjOwsQe0lQzE54FMfx0gm6zoT2g/kEgJdfbngfQFi1EJktz/ef5wju2eYEfe7Q=="
    }
  },
  "dependencies": {
    "@types/node": {
      "version": "17.0.21",
      "resolved": "https://registry.npmjs.org/@types/node/-/node-17.0.21.tgz",
      "integrity": "sha512-DBZCJbhII3r90XbQxI8Y9IjjiiOGlZ0Hr32omXIZvwwZ7p4DMMXGrKXVyPfuoBOri9XNtL0UK69jYIBIsRX3QQ==",
      "dev": true
    },
    "node-oop-worker-pool": {
      "version": "1.0.30",
      "resolved": "https://registry.npmjs.org/node-oop-worker-pool/-/node-oop-worker-pool-1.0.30.tgz",
      "integrity": "sha512-YeLlKwUjPsQ6IXpp70qhAMzREjOwsQe0lQzE54FMfx0gm6zoT2g/kEgJdfbngfQFi1EJktz/ef5wju2eYEfe7Q=="
    }
  }
}
